
Microsoft Visual Studio Solution File, Format Version 12.00
# Visual Studio 15
VisualStudioVersion = 15.0.28307.645
MinimumVisualStudioVersion = 10.0.40219.1
Project("{FAE04EC0-301F-11D3-BF4B-00C04F79EFBC}") = "RegexDemonstration", "RegexDemonstration\RegexDemonstration.csproj", "{60E92260-1A89-46B6-877A-391488B6DB3B}"
EndProject
Global
	GlobalSection(SolutionConfigurationPlatforms) = preSolution
		Debug|Any CPU = Debug|Any CPU
		Release|Any CPU = Release|Any CPU
	EndGlobalSection
	GlobalSection(ProjectConfigurationPlatforms) = postSolution
		{60E92260-1A89-46B6-877A-391488B6DB3B}.Debug|Any CPU.ActiveCfg = Debug|Any CPU
		{60E92260-1A89-46B6-877A-391488B6DB3B}.Debug|Any CPU.Build.0 = Debug|Any CPU
		{60E92260-1A89-46B6-877A-391488B6DB3B}.Release|Any CPU.ActiveCfg = Release|Any CPU
		{60E92260-1A89-46B6-877A-391488B6DB3B}.Release|Any CPU.Build.0 = Release|Any CPU
	EndGlobalSection
	GlobalSection(SolutionProperties) = preSolution
		HideSolutionNode = FALSE
	EndGlobalSection
	GlobalSection(ExtensibilityGlobals) = postSolution
		SolutionGuid = {065BABFB-2ADB-4A6F-A45D-D5808ADC480C}
	EndGlobalSection
EndGlobal
